
Microsoft Visual Studio Solution File, Format Version 12.00
# Visual Studio 15
VisualStudioVersion = 15.0.28307.960
MinimumVisualStudioVersion = 10.0.40219.1
Project("{FAE04EC0-301F-11D3-BF4B-00C04F79EFBC}") = "非对称加密", "安全性1\非对称加密.csproj", "{9022582D-2FF5-4B00-8924-4C9A2102CC8F}"
EndProject
Project("{FAE04EC0-301F-11D3-BF4B-00C04F79EFBC}") = "ECDHellman安全例子", "ECDHellman安全例子\ECDHellman安全例子.csproj", "{DD16C7D3-DD00-4DF4-8D79-BC8DB8857EC6}"
EndProject
Global
	GlobalSection(SolutionConfigurationPlatforms) = preSolution
		Debug|Any CPU = Debug|Any CPU
		Release|Any CPU = Release|Any CPU
	EndGlobalSection
	GlobalSection(ProjectConfigurationPlatforms) = postSolution
		{9022582D-2FF5-4B00-8924-4C9A2102CC8F}.Debug|Any CPU.ActiveCfg = Debug|Any CPU
		{9022582D-2FF5-4B00-8924-4C9A2102CC8F}.Debug|Any CPU.Build.0 = Debug|Any CPU
		{9022582D-2FF5-4B00-8924-4C9A2102CC8F}.Release|Any CPU.ActiveCfg = Release|Any CPU
		{9022582D-2FF5-4B00-8924-4C9A2102CC8F}.Release|Any CPU.Build.0 = Release|Any CPU
		{DD16C7D3-DD00-4DF4-8D79-BC8DB8857EC6}.Debug|Any CPU.ActiveCfg = Debug|Any CPU
		{DD16C7D3-DD00-4DF4-8D79-BC8DB8857EC6}.Debug|Any CPU.Build.0 = Debug|Any CPU
		{DD16C7D3-DD00-4DF4-8D79-BC8DB8857EC6}.Release|Any CPU.ActiveCfg = Release|Any CPU
		{DD16C7D3-DD00-4DF4-8D79-BC8DB8857EC6}.Release|Any CPU.Build.0 = Release|Any CPU
	EndGlobalSection
	GlobalSection(SolutionProperties) = preSolution
		HideSolutionNode = FALSE
	EndGlobalSection
	GlobalSection(ExtensibilityGlobals) = postSolution
		SolutionGuid = {A959F099-A942-4269-B47F-2029C569CA82}
	EndGlobalSection
EndGlobal
