
Microsoft Visual Studio Solution File, Format Version 12.00
# Visual Studio 15
VisualStudioVersion = 15.0.28307.572
MinimumVisualStudioVersion = 10.0.40219.1
Project("{FAE04EC0-301F-11D3-BF4B-00C04F79EFBC}") = "DynamicKeyword", "DynamicKeyword\DynamicKeyword.csproj", "{C275887B-65D7-48AD-A9A8-550CB4518450}"
EndProject
Global
	GlobalSection(SolutionConfigurationPlatforms) = preSolution
		Debug|Any CPU = Debug|Any CPU
		Release|Any CPU = Release|Any CPU
	EndGlobalSection
	GlobalSection(ProjectConfigurationPlatforms) = postSolution
		{C275887B-65D7-48AD-A9A8-550CB4518450}.Debug|Any CPU.ActiveCfg = Debug|Any CPU
		{C275887B-65D7-48AD-A9A8-550CB4518450}.Debug|Any CPU.Build.0 = Debug|Any CPU
		{C275887B-65D7-48AD-A9A8-550CB4518450}.Release|Any CPU.ActiveCfg = Release|Any CPU
		{C275887B-65D7-48AD-A9A8-550CB4518450}.Release|Any CPU.Build.0 = Release|Any CPU
	EndGlobalSection
	GlobalSection(SolutionProperties) = preSolution
		HideSolutionNode = FALSE
	EndGlobalSection
	GlobalSection(ExtensibilityGlobals) = postSolution
		SolutionGuid = {41CAFEE0-C154-44BC-95A1-7C3CC0CF6337}
	EndGlobalSection
EndGlobal
