
Microsoft Visual Studio Solution File, Format Version 12.00
# Visual Studio 15
VisualStudioVersion = 15.0.28307.960
MinimumVisualStudioVersion = 10.0.40219.1
Project("{FAE04EC0-301F-11D3-BF4B-00C04F79EFBC}") = "AWait", "AWait\AWait.csproj", "{F731D4BE-E11E-42A7-B287-88EBDFE59FC3}"
EndProject
Global
	GlobalSection(SolutionConfigurationPlatforms) = preSolution
		Debug|Any CPU = Debug|Any CPU
		Release|Any CPU = Release|Any CPU
	EndGlobalSection
	GlobalSection(ProjectConfigurationPlatforms) = postSolution
		{F731D4BE-E11E-42A7-B287-88EBDFE59FC3}.Debug|Any CPU.ActiveCfg = Debug|Any CPU
		{F731D4BE-E11E-42A7-B287-88EBDFE59FC3}.Debug|Any CPU.Build.0 = Debug|Any CPU
		{F731D4BE-E11E-42A7-B287-88EBDFE59FC3}.Release|Any CPU.ActiveCfg = Release|Any CPU
		{F731D4BE-E11E-42A7-B287-88EBDFE59FC3}.Release|Any CPU.Build.0 = Release|Any CPU
	EndGlobalSection
	GlobalSection(SolutionProperties) = preSolution
		HideSolutionNode = FALSE
	EndGlobalSection
	GlobalSection(ExtensibilityGlobals) = postSolution
		SolutionGuid = {C1254FDF-D0DA-402C-A268-901E7C44521E}
	EndGlobalSection
EndGlobal
