
Microsoft Visual Studio Solution File, Format Version 12.00
# Visual Studio Version 16
VisualStudioVersion = 16.0.32228.343
MinimumVisualStudioVersion = 10.0.40219.1
Project("{FAE04EC0-301F-11D3-BF4B-00C04F79EFBC}") = "HttpClientHelper", "HttpClientHelper.csproj", "{7F4F5737-1E45-4F90-88EE-10455B23F161}"
EndProject
Global
	GlobalSection(SolutionConfigurationPlatforms) = preSolution
		Debug|Any CPU = Debug|Any CPU
		Release|Any CPU = Release|Any CPU
	EndGlobalSection
	GlobalSection(ProjectConfigurationPlatforms) = postSolution
		{7F4F5737-1E45-4F90-88EE-10455B23F161}.Debug|Any CPU.ActiveCfg = Debug|Any CPU
		{7F4F5737-1E45-4F90-88EE-10455B23F161}.Debug|Any CPU.Build.0 = Debug|Any CPU
		{7F4F5737-1E45-4F90-88EE-10455B23F161}.Release|Any CPU.ActiveCfg = Release|Any CPU
		{7F4F5737-1E45-4F90-88EE-10455B23F161}.Release|Any CPU.Build.0 = Release|Any CPU
	EndGlobalSection
	GlobalSection(SolutionProperties) = preSolution
		HideSolutionNode = FALSE
	EndGlobalSection
	GlobalSection(ExtensibilityGlobals) = postSolution
		SolutionGuid = {307AABD6-AF2D-4ECE-BD2C-1675B6DDDF97}
	EndGlobalSection
EndGlobal
