
Microsoft Visual Studio Solution File, Format Version 12.00
# Visual Studio 15
VisualStudioVersion = 15.0.28307.572
MinimumVisualStudioVersion = 10.0.40219.1
Project("{FAE04EC0-301F-11D3-BF4B-00C04F79EFBC}") = "MyTypeViewer", "MyTypeViewer\MyTypeViewer.csproj", "{55DF1446-4E67-4DBB-89B6-E1EBE8D774E4}"
EndProject
Global
	GlobalSection(SolutionConfigurationPlatforms) = preSolution
		Debug|Any CPU = Debug|Any CPU
		Release|Any CPU = Release|Any CPU
	EndGlobalSection
	GlobalSection(ProjectConfigurationPlatforms) = postSolution
		{55DF1446-4E67-4DBB-89B6-E1EBE8D774E4}.Debug|Any CPU.ActiveCfg = Debug|Any CPU
		{55DF1446-4E67-4DBB-89B6-E1EBE8D774E4}.Debug|Any CPU.Build.0 = Debug|Any CPU
		{55DF1446-4E67-4DBB-89B6-E1EBE8D774E4}.Release|Any CPU.ActiveCfg = Release|Any CPU
		{55DF1446-4E67-4DBB-89B6-E1EBE8D774E4}.Release|Any CPU.Build.0 = Release|Any CPU
	EndGlobalSection
	GlobalSection(SolutionProperties) = preSolution
		HideSolutionNode = FALSE
	EndGlobalSection
	GlobalSection(ExtensibilityGlobals) = postSolution
		SolutionGuid = {3569BD3E-CDE8-4208-92A2-47B44FC6B4EF}
	EndGlobalSection
EndGlobal
