
Microsoft Visual Studio Solution File, Format Version 12.00
# Visual Studio 15
VisualStudioVersion = 15.0.28307.960
MinimumVisualStudioVersion = 10.0.40219.1
Project("{FAE04EC0-301F-11D3-BF4B-00C04F79EFBC}") = "Pipeline", "Pipeline\Pipeline.csproj", "{BE770601-FB2D-4C25-B182-E7B707581F3B}"
EndProject
Global
	GlobalSection(SolutionConfigurationPlatforms) = preSolution
		Debug|Any CPU = Debug|Any CPU
		Release|Any CPU = Release|Any CPU
	EndGlobalSection
	GlobalSection(ProjectConfigurationPlatforms) = postSolution
		{BE770601-FB2D-4C25-B182-E7B707581F3B}.Debug|Any CPU.ActiveCfg = Debug|Any CPU
		{BE770601-FB2D-4C25-B182-E7B707581F3B}.Debug|Any CPU.Build.0 = Debug|Any CPU
		{BE770601-FB2D-4C25-B182-E7B707581F3B}.Release|Any CPU.ActiveCfg = Release|Any CPU
		{BE770601-FB2D-4C25-B182-E7B707581F3B}.Release|Any CPU.Build.0 = Release|Any CPU
	EndGlobalSection
	GlobalSection(SolutionProperties) = preSolution
		HideSolutionNode = FALSE
	EndGlobalSection
	GlobalSection(ExtensibilityGlobals) = postSolution
		SolutionGuid = {17F949CF-CD5C-4559-A9E6-9A6D4EAFD2AC}
	EndGlobalSection
EndGlobal
