
Microsoft Visual Studio Solution File, Format Version 12.00
# Visual Studio 15
VisualStudioVersion = 15.0.28307.960
MinimumVisualStudioVersion = 10.0.40219.1
Project("{FAE04EC0-301F-11D3-BF4B-00C04F79EFBC}") = "TaskTest", "TaskTest\TaskTest.csproj", "{1E35B752-1FEE-4488-A484-E4600BA29288}"
EndProject
Global
	GlobalSection(SolutionConfigurationPlatforms) = preSolution
		Debug|Any CPU = Debug|Any CPU
		Release|Any CPU = Release|Any CPU
	EndGlobalSection
	GlobalSection(ProjectConfigurationPlatforms) = postSolution
		{1E35B752-1FEE-4488-A484-E4600BA29288}.Debug|Any CPU.ActiveCfg = Debug|Any CPU
		{1E35B752-1FEE-4488-A484-E4600BA29288}.Debug|Any CPU.Build.0 = Debug|Any CPU
		{1E35B752-1FEE-4488-A484-E4600BA29288}.Release|Any CPU.ActiveCfg = Release|Any CPU
		{1E35B752-1FEE-4488-A484-E4600BA29288}.Release|Any CPU.Build.0 = Release|Any CPU
	EndGlobalSection
	GlobalSection(SolutionProperties) = preSolution
		HideSolutionNode = FALSE
	EndGlobalSection
	GlobalSection(ExtensibilityGlobals) = postSolution
		SolutionGuid = {4191ACF0-1FF2-4F01-AE2E-5302CF15424B}
	EndGlobalSection
EndGlobal
