
Microsoft Visual Studio Solution File, Format Version 12.00
# Visual Studio Version 16
VisualStudioVersion = 16.0.32407.337
MinimumVisualStudioVersion = 10.0.40219.1
Project("{9A19103F-16F7-4668-BE54-9A1E7A4F7556}") = "newinitexample", "newinitexample\newinitexample.csproj", "{CC910369-8952-47C8-BAC2-61C6F27DEE29}"
EndProject
Project("{FAE04EC0-301F-11D3-BF4B-00C04F79EFBC}") = "MethodILAnalysis", "MethodILAnalysis\MethodILAnalysis.csproj", "{6DB03790-DADE-4402-B415-944D507BAAEA}"
EndProject
Global
	GlobalSection(SolutionConfigurationPlatforms) = preSolution
		Debug|Any CPU = Debug|Any CPU
		Release|Any CPU = Release|Any CPU
	EndGlobalSection
	GlobalSection(ProjectConfigurationPlatforms) = postSolution
		{CC910369-8952-47C8-BAC2-61C6F27DEE29}.Debug|Any CPU.ActiveCfg = Debug|Any CPU
		{CC910369-8952-47C8-BAC2-61C6F27DEE29}.Debug|Any CPU.Build.0 = Debug|Any CPU
		{CC910369-8952-47C8-BAC2-61C6F27DEE29}.Release|Any CPU.ActiveCfg = Release|Any CPU
		{CC910369-8952-47C8-BAC2-61C6F27DEE29}.Release|Any CPU.Build.0 = Release|Any CPU
		{6DB03790-DADE-4402-B415-944D507BAAEA}.Debug|Any CPU.ActiveCfg = Debug|Any CPU
		{6DB03790-DADE-4402-B415-944D507BAAEA}.Debug|Any CPU.Build.0 = Debug|Any CPU
		{6DB03790-DADE-4402-B415-944D507BAAEA}.Release|Any CPU.ActiveCfg = Release|Any CPU
		{6DB03790-DADE-4402-B415-944D507BAAEA}.Release|Any CPU.Build.0 = Release|Any CPU
	EndGlobalSection
	GlobalSection(SolutionProperties) = preSolution
		HideSolutionNode = FALSE
	EndGlobalSection
	GlobalSection(ExtensibilityGlobals) = postSolution
		SolutionGuid = {62533C36-3324-46B3-BE19-17EFB197A0EE}
	EndGlobalSection
EndGlobal
