
Microsoft Visual Studio Solution File, Format Version 12.00
# Visual Studio 15
VisualStudioVersion = 15.0.28307.960
MinimumVisualStudioVersion = 10.0.40219.1
Project("{FAE04EC0-301F-11D3-BF4B-00C04F79EFBC}") = "StreamTesttwo", "StreamTesttwo\StreamTesttwo.csproj", "{8868ADA0-A244-43C5-8EC5-3328AD45B67A}"
EndProject
Project("{FAE04EC0-301F-11D3-BF4B-00C04F79EFBC}") = "管道测试读取端", "管道测试\管道测试读取端.csproj", "{7EA7A7BE-839A-4B48-83DB-9AC2382873A7}"
EndProject
Project("{FAE04EC0-301F-11D3-BF4B-00C04F79EFBC}") = "管道测试发送端", "管道测试发送端\管道测试发送端.csproj", "{D2D1CEE5-BF12-4172-A457-3BC5934C3E8A}"
EndProject
Project("{FAE04EC0-301F-11D3-BF4B-00C04F79EFBC}") = "匿名管道", "匿名管道\匿名管道.csproj", "{6B3BAC8A-4AFF-457A-9C55-8CFD600099BA}"
EndProject
Project("{FAE04EC0-301F-11D3-BF4B-00C04F79EFBC}") = "WpfApp1", "WpfApp1\WpfApp1.csproj", "{A4441927-83FE-41D6-A22A-43E4BE027BF1}"
EndProject
Global
	GlobalSection(SolutionConfigurationPlatforms) = preSolution
		Debug|Any CPU = Debug|Any CPU
		Release|Any CPU = Release|Any CPU
	EndGlobalSection
	GlobalSection(ProjectConfigurationPlatforms) = postSolution
		{8868ADA0-A244-43C5-8EC5-3328AD45B67A}.Debug|Any CPU.ActiveCfg = Debug|Any CPU
		{8868ADA0-A244-43C5-8EC5-3328AD45B67A}.Debug|Any CPU.Build.0 = Debug|Any CPU
		{8868ADA0-A244-43C5-8EC5-3328AD45B67A}.Release|Any CPU.ActiveCfg = Release|Any CPU
		{8868ADA0-A244-43C5-8EC5-3328AD45B67A}.Release|Any CPU.Build.0 = Release|Any CPU
		{7EA7A7BE-839A-4B48-83DB-9AC2382873A7}.Debug|Any CPU.ActiveCfg = Debug|Any CPU
		{7EA7A7BE-839A-4B48-83DB-9AC2382873A7}.Debug|Any CPU.Build.0 = Debug|Any CPU
		{7EA7A7BE-839A-4B48-83DB-9AC2382873A7}.Release|Any CPU.ActiveCfg = Release|Any CPU
		{7EA7A7BE-839A-4B48-83DB-9AC2382873A7}.Release|Any CPU.Build.0 = Release|Any CPU
		{D2D1CEE5-BF12-4172-A457-3BC5934C3E8A}.Debug|Any CPU.ActiveCfg = Debug|Any CPU
		{D2D1CEE5-BF12-4172-A457-3BC5934C3E8A}.Debug|Any CPU.Build.0 = Debug|Any CPU
		{D2D1CEE5-BF12-4172-A457-3BC5934C3E8A}.Release|Any CPU.ActiveCfg = Release|Any CPU
		{D2D1CEE5-BF12-4172-A457-3BC5934C3E8A}.Release|Any CPU.Build.0 = Release|Any CPU
		{6B3BAC8A-4AFF-457A-9C55-8CFD600099BA}.Debug|Any CPU.ActiveCfg = Debug|Any CPU
		{6B3BAC8A-4AFF-457A-9C55-8CFD600099BA}.Debug|Any CPU.Build.0 = Debug|Any CPU
		{6B3BAC8A-4AFF-457A-9C55-8CFD600099BA}.Release|Any CPU.ActiveCfg = Release|Any CPU
		{6B3BAC8A-4AFF-457A-9C55-8CFD600099BA}.Release|Any CPU.Build.0 = Release|Any CPU
		{A4441927-83FE-41D6-A22A-43E4BE027BF1}.Debug|Any CPU.ActiveCfg = Debug|Any CPU
		{A4441927-83FE-41D6-A22A-43E4BE027BF1}.Debug|Any CPU.Build.0 = Debug|Any CPU
		{A4441927-83FE-41D6-A22A-43E4BE027BF1}.Release|Any CPU.ActiveCfg = Release|Any CPU
		{A4441927-83FE-41D6-A22A-43E4BE027BF1}.Release|Any CPU.Build.0 = Release|Any CPU
	EndGlobalSection
	GlobalSection(SolutionProperties) = preSolution
		HideSolutionNode = FALSE
	EndGlobalSection
	GlobalSection(ExtensibilityGlobals) = postSolution
		SolutionGuid = {F2E8287D-DAB5-4A19-9099-72683998C527}
	EndGlobalSection
EndGlobal
