
Microsoft Visual Studio Solution File, Format Version 12.00
# Visual Studio 15
VisualStudioVersion = 15.0.28307.168
MinimumVisualStudioVersion = 10.0.40219.1
Project("{FAE04EC0-301F-11D3-BF4B-00C04F79EFBC}") = "InterfaceTest", "InterfaceTest\InterfaceTest.csproj", "{D0E82E8A-25F4-417D-884E-9EC6EE552E57}"
EndProject
Global
	GlobalSection(SolutionConfigurationPlatforms) = preSolution
		Debug|Any CPU = Debug|Any CPU
		Release|Any CPU = Release|Any CPU
	EndGlobalSection
	GlobalSection(ProjectConfigurationPlatforms) = postSolution
		{D0E82E8A-25F4-417D-884E-9EC6EE552E57}.Debug|Any CPU.ActiveCfg = Debug|Any CPU
		{D0E82E8A-25F4-417D-884E-9EC6EE552E57}.Debug|Any CPU.Build.0 = Debug|Any CPU
		{D0E82E8A-25F4-417D-884E-9EC6EE552E57}.Release|Any CPU.ActiveCfg = Release|Any CPU
		{D0E82E8A-25F4-417D-884E-9EC6EE552E57}.Release|Any CPU.Build.0 = Release|Any CPU
	EndGlobalSection
	GlobalSection(SolutionProperties) = preSolution
		HideSolutionNode = FALSE
	EndGlobalSection
	GlobalSection(ExtensibilityGlobals) = postSolution
		SolutionGuid = {B443E796-F149-4C7E-855C-97EFA0C335E7}
	EndGlobalSection
EndGlobal
