
Microsoft Visual Studio Solution File, Format Version 12.00
# Visual Studio 15
VisualStudioVersion = 15.0.28307.960
MinimumVisualStudioVersion = 10.0.40219.1
Project("{FAE04EC0-301F-11D3-BF4B-00C04F79EFBC}") = "FileAndIO", "FileAndIO\FileAndIO.csproj", "{80D43F93-60E3-46DA-8DF3-9007CB9BDFB4}"
EndProject
Global
	GlobalSection(SolutionConfigurationPlatforms) = preSolution
		Debug|Any CPU = Debug|Any CPU
		Release|Any CPU = Release|Any CPU
	EndGlobalSection
	GlobalSection(ProjectConfigurationPlatforms) = postSolution
		{80D43F93-60E3-46DA-8DF3-9007CB9BDFB4}.Debug|Any CPU.ActiveCfg = Debug|Any CPU
		{80D43F93-60E3-46DA-8DF3-9007CB9BDFB4}.Debug|Any CPU.Build.0 = Debug|Any CPU
		{80D43F93-60E3-46DA-8DF3-9007CB9BDFB4}.Release|Any CPU.ActiveCfg = Release|Any CPU
		{80D43F93-60E3-46DA-8DF3-9007CB9BDFB4}.Release|Any CPU.Build.0 = Release|Any CPU
	EndGlobalSection
	GlobalSection(SolutionProperties) = preSolution
		HideSolutionNode = FALSE
	EndGlobalSection
	GlobalSection(ExtensibilityGlobals) = postSolution
		SolutionGuid = {6BA36CC4-572D-4AA1-BF2F-8E48E8A6F2E2}
	EndGlobalSection
EndGlobal
