
Microsoft Visual Studio Solution File, Format Version 12.00
# Visual Studio 15
VisualStudioVersion = 15.0.28307.960
MinimumVisualStudioVersion = 10.0.40219.1
Project("{FAE04EC0-301F-11D3-BF4B-00C04F79EFBC}") = "Start255", "Start255\Start255.csproj", "{498C0343-7F5A-43B4-941E-18873CC31FAC}"
EndProject
Global
	GlobalSection(SolutionConfigurationPlatforms) = preSolution
		Debug|Any CPU = Debug|Any CPU
		Release|Any CPU = Release|Any CPU
	EndGlobalSection
	GlobalSection(ProjectConfigurationPlatforms) = postSolution
		{498C0343-7F5A-43B4-941E-18873CC31FAC}.Debug|Any CPU.ActiveCfg = Debug|Any CPU
		{498C0343-7F5A-43B4-941E-18873CC31FAC}.Debug|Any CPU.Build.0 = Debug|Any CPU
		{498C0343-7F5A-43B4-941E-18873CC31FAC}.Release|Any CPU.ActiveCfg = Release|Any CPU
		{498C0343-7F5A-43B4-941E-18873CC31FAC}.Release|Any CPU.Build.0 = Release|Any CPU
	EndGlobalSection
	GlobalSection(SolutionProperties) = preSolution
		HideSolutionNode = FALSE
	EndGlobalSection
	GlobalSection(ExtensibilityGlobals) = postSolution
		SolutionGuid = {9679E218-8545-4593-AF36-D4DE86FC682B}
	EndGlobalSection
EndGlobal
